# This file is automatically @generated by Cargo.
# It is not intended for manual editing.
[[package]]
name = "cooper-alloc"
version = "0.1.0"

[[package]]
name = "cooper-main"
version = "0.1.0"
dependencies = [
 "cooper-render 0.1.0",
 "cooper-window 0.1.0",
 "derivative 1.0.2 (registry+https://github.com/rust-lang/crates.io-index)",
 "derive_more 0.14.0 (registry+https://github.com/rust-lang/crates.io-index)",
 "memoffset 0.3.0 (registry+https://github.com/rust-lang/crates.io-index)",
]

[[package]]
name = "cooper-render"
version = "0.1.0"
dependencies = [
 "cooper-alloc 0.1.0",
 "cooper-window 0.1.0",
 "derivative 1.0.2 (registry+https://github.com/rust-lang/crates.io-index)",
 "derive_more 0.14.0 (registry+https://github.com/rust-lang/crates.io-index)",
 "glfw-ffi 0.1.0 (git+https://gitlab.com/matthew-mcallister/glfw-ffi.git)",
 "maplit 1.0.1 (registry+https://github.com/rust-lang/crates.io-index)",
 "memoffset 0.3.0 (registry+https://github.com/rust-lang/crates.io-index)",
 "vk-ffi 0.1.0 (git+https://gitlab.com/matthew-mcallister/vk-ffi.git)",
 "vk-ffi-loader 0.1.0 (git+https://gitlab.com/matthew-mcallister/vk-ffi.git)",
]

[[package]]
name = "cooper-window"
version = "0.1.0"
dependencies = [
 "derive_more 0.14.0 (registry+https://github.com/rust-lang/crates.io-index)",
 "glfw-ffi 0.1.0 (git+https://gitlab.com/matthew-mcallister/glfw-ffi.git)",
 "vk-ffi 0.1.0 (git+https://gitlab.com/matthew-mcallister/vk-ffi.git)",
]

[[package]]
name = "derivative"
version = "1.0.2"
source = "registry+https://github.com/rust-lang/crates.io-index"
dependencies = [
 "proc-macro2 0.4.27 (registry+https://github.com/rust-lang/crates.io-index)",
 "quote 0.6.12 (registry+https://github.com/rust-lang/crates.io-index)",
 "syn 0.15.31 (registry+https://github.com/rust-lang/crates.io-index)",
]

[[package]]
name = "derive_more"
version = "0.14.0"
source = "registry+https://github.com/rust-lang/crates.io-index"
dependencies = [
 "proc-macro2 0.4.27 (registry+https://github.com/rust-lang/crates.io-index)",
 "quote 0.6.12 (registry+https://github.com/rust-lang/crates.io-index)",
 "rustc_version 0.2.3 (registry+https://github.com/rust-lang/crates.io-index)",
 "syn 0.15.31 (registry+https://github.com/rust-lang/crates.io-index)",
]

[[package]]
name = "glfw-ffi"
version = "0.1.0"
source = "git+https://gitlab.com/matthew-mcallister/glfw-ffi.git#fa6e3ca01ac6fef9a0854f15f239c1f48d0f4409"

[[package]]
name = "maplit"
version = "1.0.1"
source = "registry+https://github.com/rust-lang/crates.io-index"

[[package]]
name = "memoffset"
version = "0.3.0"
source = "registry+https://github.com/rust-lang/crates.io-index"
dependencies = [
 "rustc_version 0.2.3 (registry+https://github.com/rust-lang/crates.io-index)",
]

[[package]]
name = "proc-macro2"
version = "0.4.27"
source = "registry+https://github.com/rust-lang/crates.io-index"
dependencies = [
 "unicode-xid 0.1.0 (registry+https://github.com/rust-lang/crates.io-index)",
]

[[package]]
name = "quote"
version = "0.6.12"
source = "registry+https://github.com/rust-lang/crates.io-index"
dependencies = [
 "proc-macro2 0.4.27 (registry+https://github.com/rust-lang/crates.io-index)",
]

[[package]]
name = "rustc_version"
version = "0.2.3"
source = "registry+https://github.com/rust-lang/crates.io-index"
dependencies = [
 "semver 0.9.0 (registry+https://github.com/rust-lang/crates.io-index)",
]

[[package]]
name = "semver"
version = "0.9.0"
source = "registry+https://github.com/rust-lang/crates.io-index"
dependencies = [
 "semver-parser 0.7.0 (registry+https://github.com/rust-lang/crates.io-index)",
]

[[package]]
name = "semver-parser"
version = "0.7.0"
source = "registry+https://github.com/rust-lang/crates.io-index"

[[package]]
name = "syn"
version = "0.15.31"
source = "registry+https://github.com/rust-lang/crates.io-index"
dependencies = [
 "proc-macro2 0.4.27 (registry+https://github.com/rust-lang/crates.io-index)",
 "quote 0.6.12 (registry+https://github.com/rust-lang/crates.io-index)",
 "unicode-xid 0.1.0 (registry+https://github.com/rust-lang/crates.io-index)",
]

[[package]]
name = "unicode-xid"
version = "0.1.0"
source = "registry+https://github.com/rust-lang/crates.io-index"

[[package]]
name = "vk-ffi"
version = "0.1.0"
source = "git+https://gitlab.com/matthew-mcallister/vk-ffi.git#9d343df89cd547c6d96507ee825ab3909bf26112"

[[package]]
name = "vk-ffi-loader"
version = "0.1.0"
source = "git+https://gitlab.com/matthew-mcallister/vk-ffi.git#9d343df89cd547c6d96507ee825ab3909bf26112"
dependencies = [
 "vk-ffi 0.1.0 (git+https://gitlab.com/matthew-mcallister/vk-ffi.git)",
]

[metadata]
"checksum derivative 1.0.2 (registry+https://github.com/rust-lang/crates.io-index)" = "6073e9676dbebdddeabaeb63e3b7cefd23c86f5c41d381ee1237cc77b1079898"
"checksum derive_more 0.14.0 (registry+https://github.com/rust-lang/crates.io-index)" = "fbe9f11be34f800b3ecaaed0ec9ec2e015d1d0ba0c8644c1310f73d6e8994615"
"checksum glfw-ffi 0.1.0 (git+https://gitlab.com/matthew-mcallister/glfw-ffi.git)" = "<none>"
"checksum maplit 1.0.1 (registry+https://github.com/rust-lang/crates.io-index)" = "08cbb6b4fef96b6d77bfc40ec491b1690c779e77b05cd9f07f787ed376fd4c43"
"checksum memoffset 0.3.0 (registry+https://github.com/rust-lang/crates.io-index)" = "7efacc914ca612fc1022f27b7dc51585e1a9f94c08fd5d322cfd741399260ce0"
"checksum proc-macro2 0.4.27 (registry+https://github.com/rust-lang/crates.io-index)" = "4d317f9caece796be1980837fd5cb3dfec5613ebdb04ad0956deea83ce168915"
"checksum quote 0.6.12 (registry+https://github.com/rust-lang/crates.io-index)" = "faf4799c5d274f3868a4aae320a0a182cbd2baee377b378f080e16a23e9d80db"
"checksum rustc_version 0.2.3 (registry+https://github.com/rust-lang/crates.io-index)" = "138e3e0acb6c9fb258b19b67cb8abd63c00679d2851805ea151465464fe9030a"
"checksum semver 0.9.0 (registry+https://github.com/rust-lang/crates.io-index)" = "1d7eb9ef2c18661902cc47e535f9bc51b78acd254da71d375c2f6720d9a40403"
"checksum semver-parser 0.7.0 (registry+https://github.com/rust-lang/crates.io-index)" = "388a1df253eca08550bef6c72392cfe7c30914bf41df5269b68cbd6ff8f570a3"
"checksum syn 0.15.31 (registry+https://github.com/rust-lang/crates.io-index)" = "d2b4cfac95805274c6afdb12d8f770fa2d27c045953e7b630a81801953699a9a"
"checksum unicode-xid 0.1.0 (registry+https://github.com/rust-lang/crates.io-index)" = "fc72304796d0818e357ead4e000d19c9c174ab23dc11093ac919054d20a6a7fc"
"checksum vk-ffi 0.1.0 (git+https://gitlab.com/matthew-mcallister/vk-ffi.git)" = "<none>"
"checksum vk-ffi-loader 0.1.0 (git+https://gitlab.com/matthew-mcallister/vk-ffi.git)" = "<none>"
