# This file is automatically @generated by Cargo.
# It is not intended for manual editing.
[[package]]
name = "adler32"
version = "1.1.0"
source = "registry+https://github.com/rust-lang/crates.io-index"

[[package]]
name = "aho-corasick"
version = "0.7.13"
source = "registry+https://github.com/rust-lang/crates.io-index"
dependencies = [
 "memchr 2.3.3 (registry+https://github.com/rust-lang/crates.io-index)",
]

[[package]]
name = "ansi_term"
version = "0.11.0"
source = "registry+https://github.com/rust-lang/crates.io-index"
dependencies = [
 "winapi 0.3.9 (registry+https://github.com/rust-lang/crates.io-index)",
]

[[package]]
name = "anyhow"
version = "1.0.31"
source = "registry+https://github.com/rust-lang/crates.io-index"

[[package]]
name = "approx"
version = "0.3.2"
source = "registry+https://github.com/rust-lang/crates.io-index"
dependencies = [
 "num-traits 0.2.12 (registry+https://github.com/rust-lang/crates.io-index)",
]

[[package]]
name = "array-macro"
version = "1.0.5"
source = "registry+https://github.com/rust-lang/crates.io-index"

[[package]]
name = "atty"
version = "0.2.14"
source = "registry+https://github.com/rust-lang/crates.io-index"
dependencies = [
 "hermit-abi 0.1.15 (registry+https://github.com/rust-lang/crates.io-index)",
 "libc 0.2.73 (registry+https://github.com/rust-lang/crates.io-index)",
 "winapi 0.3.9 (registry+https://github.com/rust-lang/crates.io-index)",
]

[[package]]
name = "autocfg"
version = "1.0.0"
source = "registry+https://github.com/rust-lang/crates.io-index"

[[package]]
name = "base64"
version = "0.11.0"
source = "registry+https://github.com/rust-lang/crates.io-index"

[[package]]
name = "bitflags"
version = "1.2.1"
source = "registry+https://github.com/rust-lang/crates.io-index"

[[package]]
name = "bytemuck"
version = "1.2.0"
source = "registry+https://github.com/rust-lang/crates.io-index"

[[package]]
name = "byteorder"
version = "1.3.4"
source = "registry+https://github.com/rust-lang/crates.io-index"

[[package]]
name = "cfg-if"
version = "0.1.10"
source = "registry+https://github.com/rust-lang/crates.io-index"

[[package]]
name = "clap"
version = "2.33.1"
source = "registry+https://github.com/rust-lang/crates.io-index"
dependencies = [
 "ansi_term 0.11.0 (registry+https://github.com/rust-lang/crates.io-index)",
 "atty 0.2.14 (registry+https://github.com/rust-lang/crates.io-index)",
 "bitflags 1.2.1 (registry+https://github.com/rust-lang/crates.io-index)",
 "strsim 0.8.0 (registry+https://github.com/rust-lang/crates.io-index)",
 "textwrap 0.11.0 (registry+https://github.com/rust-lang/crates.io-index)",
 "unicode-width 0.1.8 (registry+https://github.com/rust-lang/crates.io-index)",
 "vec_map 0.8.2 (registry+https://github.com/rust-lang/crates.io-index)",
]

[[package]]
name = "cloudabi"
version = "0.0.3"
source = "registry+https://github.com/rust-lang/crates.io-index"
dependencies = [
 "bitflags 1.2.1 (registry+https://github.com/rust-lang/crates.io-index)",
]

[[package]]
name = "cooper-base"
version = "0.1.0"
dependencies = [
 "cooper-num 0.1.0",
 "cooper-prelude 0.1.0",
 "crossbeam-channel 0.4.3 (registry+https://github.com/rust-lang/crates.io-index)",
 "derivative 2.1.1 (registry+https://github.com/rust-lang/crates.io-index)",
 "derive_more 0.99.9 (registry+https://github.com/rust-lang/crates.io-index)",
 "enum-map 0.6.2 (registry+https://github.com/rust-lang/crates.io-index)",
 "fnv 1.0.7 (registry+https://github.com/rust-lang/crates.io-index)",
]

[[package]]
name = "cooper-device"
version = "0.1.0"
dependencies = [
 "bitflags 1.2.1 (registry+https://github.com/rust-lang/crates.io-index)",
 "byteorder 1.3.4 (registry+https://github.com/rust-lang/crates.io-index)",
 "cooper-base 0.1.0",
 "cooper-math 0.1.0",
 "cooper-num 0.1.0",
 "cooper-prelude 0.1.0",
 "cooper-spirv 0.1.0",
 "cooper-unit 0.1.0",
 "cooper-window 0.1.0",
 "derivative 2.1.1 (registry+https://github.com/rust-lang/crates.io-index)",
 "derive_more 0.99.9 (registry+https://github.com/rust-lang/crates.io-index)",
 "enum-map 0.6.2 (registry+https://github.com/rust-lang/crates.io-index)",
 "env_logger 0.7.1 (registry+https://github.com/rust-lang/crates.io-index)",
 "fnv 1.0.7 (registry+https://github.com/rust-lang/crates.io-index)",
 "itertools 0.8.2 (registry+https://github.com/rust-lang/crates.io-index)",
 "log 0.4.11 (registry+https://github.com/rust-lang/crates.io-index)",
 "more-asserts 0.2.1 (registry+https://github.com/rust-lang/crates.io-index)",
 "parking_lot 0.9.0 (registry+https://github.com/rust-lang/crates.io-index)",
 "smallvec 1.4.1 (registry+https://github.com/rust-lang/crates.io-index)",
 "vulkan-headers 0.1.0 (git+https://gitlab.com/matthew-mcallister/vk-ffi)",
 "vulkan-loader 0.1.0 (git+https://gitlab.com/matthew-mcallister/vk-ffi)",
]

[[package]]
name = "cooper-gfx"
version = "0.1.0"
dependencies = [
 "anyhow 1.0.31 (registry+https://github.com/rust-lang/crates.io-index)",
 "bitflags 1.2.1 (registry+https://github.com/rust-lang/crates.io-index)",
 "cooper-base 0.1.0",
 "cooper-math 0.1.0",
 "cooper-num 0.1.0",
 "cooper-prelude 0.1.0",
 "cooper-spirv 0.1.0",
 "cooper-unit 0.1.0",
 "cooper-window 0.1.0",
 "crossbeam 0.7.3 (registry+https://github.com/rust-lang/crates.io-index)",
 "derivative 2.1.1 (registry+https://github.com/rust-lang/crates.io-index)",
 "derive_more 0.99.9 (registry+https://github.com/rust-lang/crates.io-index)",
 "enum-map 0.6.2 (registry+https://github.com/rust-lang/crates.io-index)",
 "env_logger 0.7.1 (registry+https://github.com/rust-lang/crates.io-index)",
 "fehler 1.0.0 (registry+https://github.com/rust-lang/crates.io-index)",
 "fnv 1.0.7 (registry+https://github.com/rust-lang/crates.io-index)",
 "gltf 0.15.2 (registry+https://github.com/rust-lang/crates.io-index)",
 "itertools 0.8.2 (registry+https://github.com/rust-lang/crates.io-index)",
 "log 0.4.11 (registry+https://github.com/rust-lang/crates.io-index)",
 "more-asserts 0.2.1 (registry+https://github.com/rust-lang/crates.io-index)",
 "owning_ref 0.4.1 (registry+https://github.com/rust-lang/crates.io-index)",
 "parking_lot 0.9.0 (registry+https://github.com/rust-lang/crates.io-index)",
 "smallvec 1.4.1 (registry+https://github.com/rust-lang/crates.io-index)",
 "vulkan-headers 0.1.0 (git+https://gitlab.com/matthew-mcallister/vk-ffi)",
]

[[package]]
name = "cooper-math"
version = "0.1.0"
dependencies = [
 "approx 0.3.2 (registry+https://github.com/rust-lang/crates.io-index)",
 "cooper-base 0.1.0",
 "cooper-num 0.1.0",
]

[[package]]
name = "cooper-num"
version = "0.1.0"

[[package]]
name = "cooper-prelude"
version = "0.1.0"
dependencies = [
 "cooper-num 0.1.0",
 "log 0.4.11 (registry+https://github.com/rust-lang/crates.io-index)",
]

[[package]]
name = "cooper-spirv"
version = "0.1.0"
dependencies = [
 "derivative 2.1.1 (registry+https://github.com/rust-lang/crates.io-index)",
 "fnv 1.0.7 (registry+https://github.com/rust-lang/crates.io-index)",
 "rspirv 0.6.0 (registry+https://github.com/rust-lang/crates.io-index)",
 "spirv_headers 1.4.2 (registry+https://github.com/rust-lang/crates.io-index)",
]

[[package]]
name = "cooper-unit"
version = "0.1.0"
dependencies = [
 "clap 2.33.1 (registry+https://github.com/rust-lang/crates.io-index)",
 "derivative 2.1.1 (registry+https://github.com/rust-lang/crates.io-index)",
 "derive_more 0.15.0 (registry+https://github.com/rust-lang/crates.io-index)",
 "enum-map 0.6.2 (registry+https://github.com/rust-lang/crates.io-index)",
 "regex 1.3.9 (registry+https://github.com/rust-lang/crates.io-index)",
]

[[package]]
name = "cooper-window"
version = "0.1.0"
dependencies = [
 "cooper-base 0.1.0",
 "cooper-prelude 0.1.0",
 "cooper-unit 0.1.0",
 "crossbeam-channel 0.4.3 (registry+https://github.com/rust-lang/crates.io-index)",
 "derive_more 0.14.1 (registry+https://github.com/rust-lang/crates.io-index)",
 "glfw-ffi 0.1.0 (git+https://gitlab.com/matthew-mcallister/glfw-ffi.git)",
 "vulkan-headers 0.1.0 (git+https://gitlab.com/matthew-mcallister/vk-ffi)",
]

[[package]]
name = "crc32fast"
version = "1.2.0"
source = "registry+https://github.com/rust-lang/crates.io-index"
dependencies = [
 "cfg-if 0.1.10 (registry+https://github.com/rust-lang/crates.io-index)",
]

[[package]]
name = "crossbeam"
version = "0.7.3"
source = "registry+https://github.com/rust-lang/crates.io-index"
dependencies = [
 "cfg-if 0.1.10 (registry+https://github.com/rust-lang/crates.io-index)",
 "crossbeam-channel 0.4.3 (registry+https://github.com/rust-lang/crates.io-index)",
 "crossbeam-deque 0.7.3 (registry+https://github.com/rust-lang/crates.io-index)",
 "crossbeam-epoch 0.8.2 (registry+https://github.com/rust-lang/crates.io-index)",
 "crossbeam-queue 0.2.3 (registry+https://github.com/rust-lang/crates.io-index)",
 "crossbeam-utils 0.7.2 (registry+https://github.com/rust-lang/crates.io-index)",
]

[[package]]
name = "crossbeam-channel"
version = "0.4.3"
source = "registry+https://github.com/rust-lang/crates.io-index"
dependencies = [
 "cfg-if 0.1.10 (registry+https://github.com/rust-lang/crates.io-index)",
 "crossbeam-utils 0.7.2 (registry+https://github.com/rust-lang/crates.io-index)",
]

[[package]]
name = "crossbeam-deque"
version = "0.7.3"
source = "registry+https://github.com/rust-lang/crates.io-index"
dependencies = [
 "crossbeam-epoch 0.8.2 (registry+https://github.com/rust-lang/crates.io-index)",
 "crossbeam-utils 0.7.2 (registry+https://github.com/rust-lang/crates.io-index)",
 "maybe-uninit 2.0.0 (registry+https://github.com/rust-lang/crates.io-index)",
]

[[package]]
name = "crossbeam-epoch"
version = "0.8.2"
source = "registry+https://github.com/rust-lang/crates.io-index"
dependencies = [
 "autocfg 1.0.0 (registry+https://github.com/rust-lang/crates.io-index)",
 "cfg-if 0.1.10 (registry+https://github.com/rust-lang/crates.io-index)",
 "crossbeam-utils 0.7.2 (registry+https://github.com/rust-lang/crates.io-index)",
 "lazy_static 1.4.0 (registry+https://github.com/rust-lang/crates.io-index)",
 "maybe-uninit 2.0.0 (registry+https://github.com/rust-lang/crates.io-index)",
 "memoffset 0.5.5 (registry+https://github.com/rust-lang/crates.io-index)",
 "scopeguard 1.1.0 (registry+https://github.com/rust-lang/crates.io-index)",
]

[[package]]
name = "crossbeam-queue"
version = "0.2.3"
source = "registry+https://github.com/rust-lang/crates.io-index"
dependencies = [
 "cfg-if 0.1.10 (registry+https://github.com/rust-lang/crates.io-index)",
 "crossbeam-utils 0.7.2 (registry+https://github.com/rust-lang/crates.io-index)",
 "maybe-uninit 2.0.0 (registry+https://github.com/rust-lang/crates.io-index)",
]

[[package]]
name = "crossbeam-utils"
version = "0.7.2"
source = "registry+https://github.com/rust-lang/crates.io-index"
dependencies = [
 "autocfg 1.0.0 (registry+https://github.com/rust-lang/crates.io-index)",
 "cfg-if 0.1.10 (registry+https://github.com/rust-lang/crates.io-index)",
 "lazy_static 1.4.0 (registry+https://github.com/rust-lang/crates.io-index)",
]

[[package]]
name = "deflate"
version = "0.8.6"
source = "registry+https://github.com/rust-lang/crates.io-index"
dependencies = [
 "adler32 1.1.0 (registry+https://github.com/rust-lang/crates.io-index)",
 "byteorder 1.3.4 (registry+https://github.com/rust-lang/crates.io-index)",
]

[[package]]
name = "derivative"
version = "2.1.1"
source = "registry+https://github.com/rust-lang/crates.io-index"
dependencies = [
 "proc-macro2 1.0.19 (registry+https://github.com/rust-lang/crates.io-index)",
 "quote 1.0.7 (registry+https://github.com/rust-lang/crates.io-index)",
 "syn 1.0.35 (registry+https://github.com/rust-lang/crates.io-index)",
]

[[package]]
name = "derive_more"
version = "0.14.1"
source = "registry+https://github.com/rust-lang/crates.io-index"
dependencies = [
 "proc-macro2 0.4.30 (registry+https://github.com/rust-lang/crates.io-index)",
 "quote 0.6.13 (registry+https://github.com/rust-lang/crates.io-index)",
 "rustc_version 0.2.3 (registry+https://github.com/rust-lang/crates.io-index)",
 "syn 0.15.44 (registry+https://github.com/rust-lang/crates.io-index)",
]

[[package]]
name = "derive_more"
version = "0.15.0"
source = "registry+https://github.com/rust-lang/crates.io-index"
dependencies = [
 "lazy_static 1.4.0 (registry+https://github.com/rust-lang/crates.io-index)",
 "proc-macro2 0.4.30 (registry+https://github.com/rust-lang/crates.io-index)",
 "quote 0.6.13 (registry+https://github.com/rust-lang/crates.io-index)",
 "regex 1.3.9 (registry+https://github.com/rust-lang/crates.io-index)",
 "rustc_version 0.2.3 (registry+https://github.com/rust-lang/crates.io-index)",
 "syn 0.15.44 (registry+https://github.com/rust-lang/crates.io-index)",
]

[[package]]
name = "derive_more"
version = "0.99.9"
source = "registry+https://github.com/rust-lang/crates.io-index"
dependencies = [
 "proc-macro2 1.0.19 (registry+https://github.com/rust-lang/crates.io-index)",
 "quote 1.0.7 (registry+https://github.com/rust-lang/crates.io-index)",
 "syn 1.0.35 (registry+https://github.com/rust-lang/crates.io-index)",
]

[[package]]
name = "either"
version = "1.5.3"
source = "registry+https://github.com/rust-lang/crates.io-index"

[[package]]
name = "enum-map"
version = "0.6.2"
source = "registry+https://github.com/rust-lang/crates.io-index"
dependencies = [
 "array-macro 1.0.5 (registry+https://github.com/rust-lang/crates.io-index)",
 "enum-map-derive 0.4.3 (registry+https://github.com/rust-lang/crates.io-index)",
]

[[package]]
name = "enum-map-derive"
version = "0.4.3"
source = "registry+https://github.com/rust-lang/crates.io-index"
dependencies = [
 "proc-macro2 1.0.19 (registry+https://github.com/rust-lang/crates.io-index)",
 "quote 1.0.7 (registry+https://github.com/rust-lang/crates.io-index)",
 "syn 1.0.35 (registry+https://github.com/rust-lang/crates.io-index)",
]

[[package]]
name = "env_logger"
version = "0.7.1"
source = "registry+https://github.com/rust-lang/crates.io-index"
dependencies = [
 "atty 0.2.14 (registry+https://github.com/rust-lang/crates.io-index)",
 "humantime 1.3.0 (registry+https://github.com/rust-lang/crates.io-index)",
 "log 0.4.11 (registry+https://github.com/rust-lang/crates.io-index)",
 "regex 1.3.9 (registry+https://github.com/rust-lang/crates.io-index)",
 "termcolor 1.1.0 (registry+https://github.com/rust-lang/crates.io-index)",
]

[[package]]
name = "fehler"
version = "1.0.0"
source = "registry+https://github.com/rust-lang/crates.io-index"
dependencies = [
 "fehler-macros 1.0.0 (registry+https://github.com/rust-lang/crates.io-index)",
]

[[package]]
name = "fehler-macros"
version = "1.0.0"
source = "registry+https://github.com/rust-lang/crates.io-index"
dependencies = [
 "proc-macro2 1.0.19 (registry+https://github.com/rust-lang/crates.io-index)",
 "quote 1.0.7 (registry+https://github.com/rust-lang/crates.io-index)",
 "syn 1.0.35 (registry+https://github.com/rust-lang/crates.io-index)",
]

[[package]]
name = "fnv"
version = "1.0.7"
source = "registry+https://github.com/rust-lang/crates.io-index"

[[package]]
name = "fxhash"
version = "0.2.1"
source = "registry+https://github.com/rust-lang/crates.io-index"
dependencies = [
 "byteorder 1.3.4 (registry+https://github.com/rust-lang/crates.io-index)",
]

[[package]]
name = "glfw-ffi"
version = "0.1.0"
source = "git+https://gitlab.com/matthew-mcallister/glfw-ffi.git#fa6e3ca01ac6fef9a0854f15f239c1f48d0f4409"

[[package]]
name = "gltf"
version = "0.15.2"
source = "registry+https://github.com/rust-lang/crates.io-index"
dependencies = [
 "base64 0.11.0 (registry+https://github.com/rust-lang/crates.io-index)",
 "byteorder 1.3.4 (registry+https://github.com/rust-lang/crates.io-index)",
 "gltf-json 0.15.2 (registry+https://github.com/rust-lang/crates.io-index)",
 "image 0.23.7 (registry+https://github.com/rust-lang/crates.io-index)",
 "lazy_static 1.4.0 (registry+https://github.com/rust-lang/crates.io-index)",
]

[[package]]
name = "gltf-derive"
version = "0.15.2"
source = "registry+https://github.com/rust-lang/crates.io-index"
dependencies = [
 "inflections 1.1.1 (registry+https://github.com/rust-lang/crates.io-index)",
 "proc-macro2 1.0.19 (registry+https://github.com/rust-lang/crates.io-index)",
 "quote 1.0.7 (registry+https://github.com/rust-lang/crates.io-index)",
 "syn 1.0.35 (registry+https://github.com/rust-lang/crates.io-index)",
]

[[package]]
name = "gltf-json"
version = "0.15.2"
source = "registry+https://github.com/rust-lang/crates.io-index"
dependencies = [
 "gltf-derive 0.15.2 (registry+https://github.com/rust-lang/crates.io-index)",
 "serde 1.0.114 (registry+https://github.com/rust-lang/crates.io-index)",
 "serde_derive 1.0.114 (registry+https://github.com/rust-lang/crates.io-index)",
 "serde_json 1.0.56 (registry+https://github.com/rust-lang/crates.io-index)",
]

[[package]]
name = "hermit-abi"
version = "0.1.15"
source = "registry+https://github.com/rust-lang/crates.io-index"
dependencies = [
 "libc 0.2.73 (registry+https://github.com/rust-lang/crates.io-index)",
]

[[package]]
name = "humantime"
version = "1.3.0"
source = "registry+https://github.com/rust-lang/crates.io-index"
dependencies = [
 "quick-error 1.2.3 (registry+https://github.com/rust-lang/crates.io-index)",
]

[[package]]
name = "image"
version = "0.23.7"
source = "registry+https://github.com/rust-lang/crates.io-index"
dependencies = [
 "bytemuck 1.2.0 (registry+https://github.com/rust-lang/crates.io-index)",
 "byteorder 1.3.4 (registry+https://github.com/rust-lang/crates.io-index)",
 "jpeg-decoder 0.1.20 (registry+https://github.com/rust-lang/crates.io-index)",
 "num-iter 0.1.41 (registry+https://github.com/rust-lang/crates.io-index)",
 "num-rational 0.3.0 (registry+https://github.com/rust-lang/crates.io-index)",
 "num-traits 0.2.12 (registry+https://github.com/rust-lang/crates.io-index)",
 "png 0.16.7 (registry+https://github.com/rust-lang/crates.io-index)",
]

[[package]]
name = "inflections"
version = "1.1.1"
source = "registry+https://github.com/rust-lang/crates.io-index"

[[package]]
name = "itertools"
version = "0.8.2"
source = "registry+https://github.com/rust-lang/crates.io-index"
dependencies = [
 "either 1.5.3 (registry+https://github.com/rust-lang/crates.io-index)",
]

[[package]]
name = "itoa"
version = "0.4.6"
source = "registry+https://github.com/rust-lang/crates.io-index"

[[package]]
name = "jpeg-decoder"
version = "0.1.20"
source = "registry+https://github.com/rust-lang/crates.io-index"
dependencies = [
 "byteorder 1.3.4 (registry+https://github.com/rust-lang/crates.io-index)",
]

[[package]]
name = "lazy_static"
version = "1.4.0"
source = "registry+https://github.com/rust-lang/crates.io-index"

[[package]]
name = "libc"
version = "0.2.73"
source = "registry+https://github.com/rust-lang/crates.io-index"

[[package]]
name = "lock_api"
version = "0.3.4"
source = "registry+https://github.com/rust-lang/crates.io-index"
dependencies = [
 "owning_ref 0.4.1 (registry+https://github.com/rust-lang/crates.io-index)",
 "scopeguard 1.1.0 (registry+https://github.com/rust-lang/crates.io-index)",
]

[[package]]
name = "log"
version = "0.4.11"
source = "registry+https://github.com/rust-lang/crates.io-index"
dependencies = [
 "cfg-if 0.1.10 (registry+https://github.com/rust-lang/crates.io-index)",
]

[[package]]
name = "maybe-uninit"
version = "2.0.0"
source = "registry+https://github.com/rust-lang/crates.io-index"

[[package]]
name = "memchr"
version = "2.3.3"
source = "registry+https://github.com/rust-lang/crates.io-index"

[[package]]
name = "memoffset"
version = "0.5.5"
source = "registry+https://github.com/rust-lang/crates.io-index"
dependencies = [
 "autocfg 1.0.0 (registry+https://github.com/rust-lang/crates.io-index)",
]

[[package]]
name = "miniz_oxide"
version = "0.3.7"
source = "registry+https://github.com/rust-lang/crates.io-index"
dependencies = [
 "adler32 1.1.0 (registry+https://github.com/rust-lang/crates.io-index)",
]

[[package]]
name = "more-asserts"
version = "0.2.1"
source = "registry+https://github.com/rust-lang/crates.io-index"

[[package]]
name = "num-integer"
version = "0.1.43"
source = "registry+https://github.com/rust-lang/crates.io-index"
dependencies = [
 "autocfg 1.0.0 (registry+https://github.com/rust-lang/crates.io-index)",
 "num-traits 0.2.12 (registry+https://github.com/rust-lang/crates.io-index)",
]

[[package]]
name = "num-iter"
version = "0.1.41"
source = "registry+https://github.com/rust-lang/crates.io-index"
dependencies = [
 "autocfg 1.0.0 (registry+https://github.com/rust-lang/crates.io-index)",
 "num-integer 0.1.43 (registry+https://github.com/rust-lang/crates.io-index)",
 "num-traits 0.2.12 (registry+https://github.com/rust-lang/crates.io-index)",
]

[[package]]
name = "num-rational"
version = "0.3.0"
source = "registry+https://github.com/rust-lang/crates.io-index"
dependencies = [
 "autocfg 1.0.0 (registry+https://github.com/rust-lang/crates.io-index)",
 "num-integer 0.1.43 (registry+https://github.com/rust-lang/crates.io-index)",
 "num-traits 0.2.12 (registry+https://github.com/rust-lang/crates.io-index)",
]

[[package]]
name = "num-traits"
version = "0.2.12"
source = "registry+https://github.com/rust-lang/crates.io-index"
dependencies = [
 "autocfg 1.0.0 (registry+https://github.com/rust-lang/crates.io-index)",
]

[[package]]
name = "owning_ref"
version = "0.4.1"
source = "registry+https://github.com/rust-lang/crates.io-index"
dependencies = [
 "stable_deref_trait 1.2.0 (registry+https://github.com/rust-lang/crates.io-index)",
]

[[package]]
name = "parking_lot"
version = "0.9.0"
source = "registry+https://github.com/rust-lang/crates.io-index"
dependencies = [
 "lock_api 0.3.4 (registry+https://github.com/rust-lang/crates.io-index)",
 "parking_lot_core 0.6.2 (registry+https://github.com/rust-lang/crates.io-index)",
 "rustc_version 0.2.3 (registry+https://github.com/rust-lang/crates.io-index)",
]

[[package]]
name = "parking_lot_core"
version = "0.6.2"
source = "registry+https://github.com/rust-lang/crates.io-index"
dependencies = [
 "cfg-if 0.1.10 (registry+https://github.com/rust-lang/crates.io-index)",
 "cloudabi 0.0.3 (registry+https://github.com/rust-lang/crates.io-index)",
 "libc 0.2.73 (registry+https://github.com/rust-lang/crates.io-index)",
 "redox_syscall 0.1.57 (registry+https://github.com/rust-lang/crates.io-index)",
 "rustc_version 0.2.3 (registry+https://github.com/rust-lang/crates.io-index)",
 "smallvec 0.6.13 (registry+https://github.com/rust-lang/crates.io-index)",
 "winapi 0.3.9 (registry+https://github.com/rust-lang/crates.io-index)",
]

[[package]]
name = "png"
version = "0.16.7"
source = "registry+https://github.com/rust-lang/crates.io-index"
dependencies = [
 "bitflags 1.2.1 (registry+https://github.com/rust-lang/crates.io-index)",
 "crc32fast 1.2.0 (registry+https://github.com/rust-lang/crates.io-index)",
 "deflate 0.8.6 (registry+https://github.com/rust-lang/crates.io-index)",
 "miniz_oxide 0.3.7 (registry+https://github.com/rust-lang/crates.io-index)",
]

[[package]]
name = "proc-macro2"
version = "0.4.30"
source = "registry+https://github.com/rust-lang/crates.io-index"
dependencies = [
 "unicode-xid 0.1.0 (registry+https://github.com/rust-lang/crates.io-index)",
]

[[package]]
name = "proc-macro2"
version = "1.0.19"
source = "registry+https://github.com/rust-lang/crates.io-index"
dependencies = [
 "unicode-xid 0.2.1 (registry+https://github.com/rust-lang/crates.io-index)",
]

[[package]]
name = "quick-error"
version = "1.2.3"
source = "registry+https://github.com/rust-lang/crates.io-index"

[[package]]
name = "quote"
version = "0.6.13"
source = "registry+https://github.com/rust-lang/crates.io-index"
dependencies = [
 "proc-macro2 0.4.30 (registry+https://github.com/rust-lang/crates.io-index)",
]

[[package]]
name = "quote"
version = "1.0.7"
source = "registry+https://github.com/rust-lang/crates.io-index"
dependencies = [
 "proc-macro2 1.0.19 (registry+https://github.com/rust-lang/crates.io-index)",
]

[[package]]
name = "redox_syscall"
version = "0.1.57"
source = "registry+https://github.com/rust-lang/crates.io-index"

[[package]]
name = "regex"
version = "1.3.9"
source = "registry+https://github.com/rust-lang/crates.io-index"
dependencies = [
 "aho-corasick 0.7.13 (registry+https://github.com/rust-lang/crates.io-index)",
 "memchr 2.3.3 (registry+https://github.com/rust-lang/crates.io-index)",
 "regex-syntax 0.6.18 (registry+https://github.com/rust-lang/crates.io-index)",
 "thread_local 1.0.1 (registry+https://github.com/rust-lang/crates.io-index)",
]

[[package]]
name = "regex-syntax"
version = "0.6.18"
source = "registry+https://github.com/rust-lang/crates.io-index"

[[package]]
name = "rspirv"
version = "0.6.0"
source = "registry+https://github.com/rust-lang/crates.io-index"
dependencies = [
 "derive_more 0.15.0 (registry+https://github.com/rust-lang/crates.io-index)",
 "fxhash 0.2.1 (registry+https://github.com/rust-lang/crates.io-index)",
 "num-traits 0.2.12 (registry+https://github.com/rust-lang/crates.io-index)",
 "spirv_headers 1.4.2 (registry+https://github.com/rust-lang/crates.io-index)",
]

[[package]]
name = "rustc_version"
version = "0.2.3"
source = "registry+https://github.com/rust-lang/crates.io-index"
dependencies = [
 "semver 0.9.0 (registry+https://github.com/rust-lang/crates.io-index)",
]

[[package]]
name = "ryu"
version = "1.0.5"
source = "registry+https://github.com/rust-lang/crates.io-index"

[[package]]
name = "scopeguard"
version = "1.1.0"
source = "registry+https://github.com/rust-lang/crates.io-index"

[[package]]
name = "semver"
version = "0.9.0"
source = "registry+https://github.com/rust-lang/crates.io-index"
dependencies = [
 "semver-parser 0.7.0 (registry+https://github.com/rust-lang/crates.io-index)",
]

[[package]]
name = "semver-parser"
version = "0.7.0"
source = "registry+https://github.com/rust-lang/crates.io-index"

[[package]]
name = "serde"
version = "1.0.114"
source = "registry+https://github.com/rust-lang/crates.io-index"

[[package]]
name = "serde_derive"
version = "1.0.114"
source = "registry+https://github.com/rust-lang/crates.io-index"
dependencies = [
 "proc-macro2 1.0.19 (registry+https://github.com/rust-lang/crates.io-index)",
 "quote 1.0.7 (registry+https://github.com/rust-lang/crates.io-index)",
 "syn 1.0.35 (registry+https://github.com/rust-lang/crates.io-index)",
]

[[package]]
name = "serde_json"
version = "1.0.56"
source = "registry+https://github.com/rust-lang/crates.io-index"
dependencies = [
 "itoa 0.4.6 (registry+https://github.com/rust-lang/crates.io-index)",
 "ryu 1.0.5 (registry+https://github.com/rust-lang/crates.io-index)",
 "serde 1.0.114 (registry+https://github.com/rust-lang/crates.io-index)",
]

[[package]]
name = "smallvec"
version = "0.6.13"
source = "registry+https://github.com/rust-lang/crates.io-index"
dependencies = [
 "maybe-uninit 2.0.0 (registry+https://github.com/rust-lang/crates.io-index)",
]

[[package]]
name = "smallvec"
version = "1.4.1"
source = "registry+https://github.com/rust-lang/crates.io-index"

[[package]]
name = "spirv_headers"
version = "1.4.2"
source = "registry+https://github.com/rust-lang/crates.io-index"
dependencies = [
 "bitflags 1.2.1 (registry+https://github.com/rust-lang/crates.io-index)",
 "num-traits 0.2.12 (registry+https://github.com/rust-lang/crates.io-index)",
]

[[package]]
name = "stable_deref_trait"
version = "1.2.0"
source = "registry+https://github.com/rust-lang/crates.io-index"

[[package]]
name = "strsim"
version = "0.8.0"
source = "registry+https://github.com/rust-lang/crates.io-index"

[[package]]
name = "syn"
version = "0.15.44"
source = "registry+https://github.com/rust-lang/crates.io-index"
dependencies = [
 "proc-macro2 0.4.30 (registry+https://github.com/rust-lang/crates.io-index)",
 "quote 0.6.13 (registry+https://github.com/rust-lang/crates.io-index)",
 "unicode-xid 0.1.0 (registry+https://github.com/rust-lang/crates.io-index)",
]

[[package]]
name = "syn"
version = "1.0.35"
source = "registry+https://github.com/rust-lang/crates.io-index"
dependencies = [
 "proc-macro2 1.0.19 (registry+https://github.com/rust-lang/crates.io-index)",
 "quote 1.0.7 (registry+https://github.com/rust-lang/crates.io-index)",
 "unicode-xid 0.2.1 (registry+https://github.com/rust-lang/crates.io-index)",
]

[[package]]
name = "termcolor"
version = "1.1.0"
source = "registry+https://github.com/rust-lang/crates.io-index"
dependencies = [
 "winapi-util 0.1.5 (registry+https://github.com/rust-lang/crates.io-index)",
]

[[package]]
name = "textwrap"
version = "0.11.0"
source = "registry+https://github.com/rust-lang/crates.io-index"
dependencies = [
 "unicode-width 0.1.8 (registry+https://github.com/rust-lang/crates.io-index)",
]

[[package]]
name = "thread_local"
version = "1.0.1"
source = "registry+https://github.com/rust-lang/crates.io-index"
dependencies = [
 "lazy_static 1.4.0 (registry+https://github.com/rust-lang/crates.io-index)",
]

[[package]]
name = "unicode-width"
version = "0.1.8"
source = "registry+https://github.com/rust-lang/crates.io-index"

[[package]]
name = "unicode-xid"
version = "0.1.0"
source = "registry+https://github.com/rust-lang/crates.io-index"

[[package]]
name = "unicode-xid"
version = "0.2.1"
source = "registry+https://github.com/rust-lang/crates.io-index"

[[package]]
name = "vec_map"
version = "0.8.2"
source = "registry+https://github.com/rust-lang/crates.io-index"

[[package]]
name = "vulkan-headers"
version = "0.1.0"
source = "git+https://gitlab.com/matthew-mcallister/vk-ffi#c99e156c0827ad2bf89dc59b6f9cd57035258863"

[[package]]
name = "vulkan-loader"
version = "0.1.0"
source = "git+https://gitlab.com/matthew-mcallister/vk-ffi#c99e156c0827ad2bf89dc59b6f9cd57035258863"
dependencies = [
 "vulkan-headers 0.1.0 (git+https://gitlab.com/matthew-mcallister/vk-ffi)",
]

[[package]]
name = "winapi"
version = "0.3.9"
source = "registry+https://github.com/rust-lang/crates.io-index"
dependencies = [
 "winapi-i686-pc-windows-gnu 0.4.0 (registry+https://github.com/rust-lang/crates.io-index)",
 "winapi-x86_64-pc-windows-gnu 0.4.0 (registry+https://github.com/rust-lang/crates.io-index)",
]

[[package]]
name = "winapi-i686-pc-windows-gnu"
version = "0.4.0"
source = "registry+https://github.com/rust-lang/crates.io-index"

[[package]]
name = "winapi-util"
version = "0.1.5"
source = "registry+https://github.com/rust-lang/crates.io-index"
dependencies = [
 "winapi 0.3.9 (registry+https://github.com/rust-lang/crates.io-index)",
]

[[package]]
name = "winapi-x86_64-pc-windows-gnu"
version = "0.4.0"
source = "registry+https://github.com/rust-lang/crates.io-index"

[metadata]
"checksum adler32 1.1.0 (registry+https://github.com/rust-lang/crates.io-index)" = "567b077b825e468cc974f0020d4082ee6e03132512f207ef1a02fd5d00d1f32d"
"checksum aho-corasick 0.7.13 (registry+https://github.com/rust-lang/crates.io-index)" = "043164d8ba5c4c3035fec9bbee8647c0261d788f3474306f93bb65901cae0e86"
"checksum ansi_term 0.11.0 (registry+https://github.com/rust-lang/crates.io-index)" = "ee49baf6cb617b853aa8d93bf420db2383fab46d314482ca2803b40d5fde979b"
"checksum anyhow 1.0.31 (registry+https://github.com/rust-lang/crates.io-index)" = "85bb70cc08ec97ca5450e6eba421deeea5f172c0fc61f78b5357b2a8e8be195f"
"checksum approx 0.3.2 (registry+https://github.com/rust-lang/crates.io-index)" = "f0e60b75072ecd4168020818c0107f2857bb6c4e64252d8d3983f6263b40a5c3"
"checksum array-macro 1.0.5 (registry+https://github.com/rust-lang/crates.io-index)" = "06e97b4e522f9e55523001238ac59d13a8603af57f69980de5d8de4bbbe8ada6"
"checksum atty 0.2.14 (registry+https://github.com/rust-lang/crates.io-index)" = "d9b39be18770d11421cdb1b9947a45dd3f37e93092cbf377614828a319d5fee8"
"checksum autocfg 1.0.0 (registry+https://github.com/rust-lang/crates.io-index)" = "f8aac770f1885fd7e387acedd76065302551364496e46b3dd00860b2f8359b9d"
"checksum base64 0.11.0 (registry+https://github.com/rust-lang/crates.io-index)" = "b41b7ea54a0c9d92199de89e20e58d49f02f8e699814ef3fdf266f6f748d15c7"
"checksum bitflags 1.2.1 (registry+https://github.com/rust-lang/crates.io-index)" = "cf1de2fe8c75bc145a2f577add951f8134889b4795d47466a54a5c846d691693"
"checksum bytemuck 1.2.0 (registry+https://github.com/rust-lang/crates.io-index)" = "37fa13df2292ecb479ec23aa06f4507928bef07839be9ef15281411076629431"
"checksum byteorder 1.3.4 (registry+https://github.com/rust-lang/crates.io-index)" = "08c48aae112d48ed9f069b33538ea9e3e90aa263cfa3d1c24309612b1f7472de"
"checksum cfg-if 0.1.10 (registry+https://github.com/rust-lang/crates.io-index)" = "4785bdd1c96b2a846b2bd7cc02e86b6b3dbf14e7e53446c4f54c92a361040822"
"checksum clap 2.33.1 (registry+https://github.com/rust-lang/crates.io-index)" = "bdfa80d47f954d53a35a64987ca1422f495b8d6483c0fe9f7117b36c2a792129"
"checksum cloudabi 0.0.3 (registry+https://github.com/rust-lang/crates.io-index)" = "ddfc5b9aa5d4507acaf872de71051dfd0e309860e88966e1051e462a077aac4f"
"checksum crc32fast 1.2.0 (registry+https://github.com/rust-lang/crates.io-index)" = "ba125de2af0df55319f41944744ad91c71113bf74a4646efff39afe1f6842db1"
"checksum crossbeam 0.7.3 (registry+https://github.com/rust-lang/crates.io-index)" = "69323bff1fb41c635347b8ead484a5ca6c3f11914d784170b158d8449ab07f8e"
"checksum crossbeam-channel 0.4.3 (registry+https://github.com/rust-lang/crates.io-index)" = "09ee0cc8804d5393478d743b035099520087a5186f3b93fa58cec08fa62407b6"
"checksum crossbeam-deque 0.7.3 (registry+https://github.com/rust-lang/crates.io-index)" = "9f02af974daeee82218205558e51ec8768b48cf524bd01d550abe5573a608285"
"checksum crossbeam-epoch 0.8.2 (registry+https://github.com/rust-lang/crates.io-index)" = "058ed274caafc1f60c4997b5fc07bf7dc7cca454af7c6e81edffe5f33f70dace"
"checksum crossbeam-queue 0.2.3 (registry+https://github.com/rust-lang/crates.io-index)" = "774ba60a54c213d409d5353bda12d49cd68d14e45036a285234c8d6f91f92570"
"checksum crossbeam-utils 0.7.2 (registry+https://github.com/rust-lang/crates.io-index)" = "c3c7c73a2d1e9fc0886a08b93e98eb643461230d5f1925e4036204d5f2e261a8"
"checksum deflate 0.8.6 (registry+https://github.com/rust-lang/crates.io-index)" = "73770f8e1fe7d64df17ca66ad28994a0a623ea497fa69486e14984e715c5d174"
"checksum derivative 2.1.1 (registry+https://github.com/rust-lang/crates.io-index)" = "cb582b60359da160a9477ee80f15c8d784c477e69c217ef2cdd4169c24ea380f"
"checksum derive_more 0.14.1 (registry+https://github.com/rust-lang/crates.io-index)" = "6d944ac6003ed268757ef1ee686753b57efc5fcf0ebe7b64c9fc81e7e32ff839"
"checksum derive_more 0.15.0 (registry+https://github.com/rust-lang/crates.io-index)" = "7a141330240c921ec6d074a3e188a7c7ef95668bb95e7d44fa0e5778ec2a7afe"
"checksum derive_more 0.99.9 (registry+https://github.com/rust-lang/crates.io-index)" = "298998b1cf6b5b2c8a7b023dfd45821825ce3ba8a8af55c921a0e734e4653f76"
"checksum either 1.5.3 (registry+https://github.com/rust-lang/crates.io-index)" = "bb1f6b1ce1c140482ea30ddd3335fc0024ac7ee112895426e0a629a6c20adfe3"
"checksum enum-map 0.6.2 (registry+https://github.com/rust-lang/crates.io-index)" = "70a375f899a53b9848ad9fb459b5bf90e4851ae5d9fea89134b062dc1828b26e"
"checksum enum-map-derive 0.4.3 (registry+https://github.com/rust-lang/crates.io-index)" = "e57001dfb2532f5a103ff869656887fae9a8defa7d236f3e39d2ee86ed629ad7"
"checksum env_logger 0.7.1 (registry+https://github.com/rust-lang/crates.io-index)" = "44533bbbb3bb3c1fa17d9f2e4e38bbbaf8396ba82193c4cb1b6445d711445d36"
"checksum fehler 1.0.0 (registry+https://github.com/rust-lang/crates.io-index)" = "d5729fe49ba028cd550747b6e62cd3d841beccab5390aa398538c31a2d983635"
"checksum fehler-macros 1.0.0 (registry+https://github.com/rust-lang/crates.io-index)" = "ccb5acb1045ebbfa222e2c50679e392a71dd77030b78fb0189f2d9c5974400f9"
"checksum fnv 1.0.7 (registry+https://github.com/rust-lang/crates.io-index)" = "3f9eec918d3f24069decb9af1554cad7c880e2da24a9afd88aca000531ab82c1"
"checksum fxhash 0.2.1 (registry+https://github.com/rust-lang/crates.io-index)" = "c31b6d751ae2c7f11320402d34e41349dd1016f8d5d45e48c4312bc8625af50c"
"checksum glfw-ffi 0.1.0 (git+https://gitlab.com/matthew-mcallister/glfw-ffi.git)" = "<none>"
"checksum gltf 0.15.2 (registry+https://github.com/rust-lang/crates.io-index)" = "d6fb0d1d772daf10ea74528c3aeb12215f6d5b820adf2ecfc93a6578d6779c3c"
"checksum gltf-derive 0.15.2 (registry+https://github.com/rust-lang/crates.io-index)" = "f6636de7bf52227363554f1ca2d9cd180fc666129ddd0933097e1f227dfa7293"
"checksum gltf-json 0.15.2 (registry+https://github.com/rust-lang/crates.io-index)" = "e3fc3deb81e6fa04bf808f6be7c3983229552a95b77f687ad96af00f6d3e7d6c"
"checksum hermit-abi 0.1.15 (registry+https://github.com/rust-lang/crates.io-index)" = "3deed196b6e7f9e44a2ae8d94225d80302d81208b1bb673fd21fe634645c85a9"
"checksum humantime 1.3.0 (registry+https://github.com/rust-lang/crates.io-index)" = "df004cfca50ef23c36850aaaa59ad52cc70d0e90243c3c7737a4dd32dc7a3c4f"
"checksum image 0.23.7 (registry+https://github.com/rust-lang/crates.io-index)" = "a2397fc43bd5648b7117aabb3c5e62d0e62c194826ec77b0b4d0c41e62744635"
"checksum inflections 1.1.1 (registry+https://github.com/rust-lang/crates.io-index)" = "a257582fdcde896fd96463bf2d40eefea0580021c0712a0e2b028b60b47a837a"
"checksum itertools 0.8.2 (registry+https://github.com/rust-lang/crates.io-index)" = "f56a2d0bc861f9165be4eb3442afd3c236d8a98afd426f65d92324ae1091a484"
"checksum itoa 0.4.6 (registry+https://github.com/rust-lang/crates.io-index)" = "dc6f3ad7b9d11a0c00842ff8de1b60ee58661048eb8049ed33c73594f359d7e6"
"checksum jpeg-decoder 0.1.20 (registry+https://github.com/rust-lang/crates.io-index)" = "cc797adac5f083b8ff0ca6f6294a999393d76e197c36488e2ef732c4715f6fa3"
"checksum lazy_static 1.4.0 (registry+https://github.com/rust-lang/crates.io-index)" = "e2abad23fbc42b3700f2f279844dc832adb2b2eb069b2df918f455c4e18cc646"
"checksum libc 0.2.73 (registry+https://github.com/rust-lang/crates.io-index)" = "bd7d4bd64732af4bf3a67f367c27df8520ad7e230c5817b8ff485864d80242b9"
"checksum lock_api 0.3.4 (registry+https://github.com/rust-lang/crates.io-index)" = "c4da24a77a3d8a6d4862d95f72e6fdb9c09a643ecdb402d754004a557f2bec75"
"checksum log 0.4.11 (registry+https://github.com/rust-lang/crates.io-index)" = "4fabed175da42fed1fa0746b0ea71f412aa9d35e76e95e59b192c64b9dc2bf8b"
"checksum maybe-uninit 2.0.0 (registry+https://github.com/rust-lang/crates.io-index)" = "60302e4db3a61da70c0cb7991976248362f30319e88850c487b9b95bbf059e00"
"checksum memchr 2.3.3 (registry+https://github.com/rust-lang/crates.io-index)" = "3728d817d99e5ac407411fa471ff9800a778d88a24685968b36824eaf4bee400"
"checksum memoffset 0.5.5 (registry+https://github.com/rust-lang/crates.io-index)" = "c198b026e1bbf08a937e94c6c60f9ec4a2267f5b0d2eec9c1b21b061ce2be55f"
"checksum miniz_oxide 0.3.7 (registry+https://github.com/rust-lang/crates.io-index)" = "791daaae1ed6889560f8c4359194f56648355540573244a5448a83ba1ecc7435"
"checksum more-asserts 0.2.1 (registry+https://github.com/rust-lang/crates.io-index)" = "0debeb9fcf88823ea64d64e4a815ab1643f33127d995978e099942ce38f25238"
"checksum num-integer 0.1.43 (registry+https://github.com/rust-lang/crates.io-index)" = "8d59457e662d541ba17869cf51cf177c0b5f0cbf476c66bdc90bf1edac4f875b"
"checksum num-iter 0.1.41 (registry+https://github.com/rust-lang/crates.io-index)" = "7a6e6b7c748f995c4c29c5f5ae0248536e04a5739927c74ec0fa564805094b9f"
"checksum num-rational 0.3.0 (registry+https://github.com/rust-lang/crates.io-index)" = "a5b4d7360f362cfb50dde8143501e6940b22f644be75a4cc90b2d81968908138"
"checksum num-traits 0.2.12 (registry+https://github.com/rust-lang/crates.io-index)" = "ac267bcc07f48ee5f8935ab0d24f316fb722d7a1292e2913f0cc196b29ffd611"
"checksum owning_ref 0.4.1 (registry+https://github.com/rust-lang/crates.io-index)" = "6ff55baddef9e4ad00f88b6c743a2a8062d4c6ade126c2a528644b8e444d52ce"
"checksum parking_lot 0.9.0 (registry+https://github.com/rust-lang/crates.io-index)" = "f842b1982eb6c2fe34036a4fbfb06dd185a3f5c8edfaacdf7d1ea10b07de6252"
"checksum parking_lot_core 0.6.2 (registry+https://github.com/rust-lang/crates.io-index)" = "b876b1b9e7ac6e1a74a6da34d25c42e17e8862aa409cbbbdcfc8d86c6f3bc62b"
"checksum png 0.16.7 (registry+https://github.com/rust-lang/crates.io-index)" = "dfe7f9f1c730833200b134370e1d5098964231af8450bce9b78ee3ab5278b970"
"checksum proc-macro2 0.4.30 (registry+https://github.com/rust-lang/crates.io-index)" = "cf3d2011ab5c909338f7887f4fc896d35932e29146c12c8d01da6b22a80ba759"
"checksum proc-macro2 1.0.19 (registry+https://github.com/rust-lang/crates.io-index)" = "04f5f085b5d71e2188cb8271e5da0161ad52c3f227a661a3c135fdf28e258b12"
"checksum quick-error 1.2.3 (registry+https://github.com/rust-lang/crates.io-index)" = "a1d01941d82fa2ab50be1e79e6714289dd7cde78eba4c074bc5a4374f650dfe0"
"checksum quote 0.6.13 (registry+https://github.com/rust-lang/crates.io-index)" = "6ce23b6b870e8f94f81fb0a363d65d86675884b34a09043c81e5562f11c1f8e1"
"checksum quote 1.0.7 (registry+https://github.com/rust-lang/crates.io-index)" = "aa563d17ecb180e500da1cfd2b028310ac758de548efdd203e18f283af693f37"
"checksum redox_syscall 0.1.57 (registry+https://github.com/rust-lang/crates.io-index)" = "41cc0f7e4d5d4544e8861606a285bb08d3e70712ccc7d2b84d7c0ccfaf4b05ce"
"checksum regex 1.3.9 (registry+https://github.com/rust-lang/crates.io-index)" = "9c3780fcf44b193bc4d09f36d2a3c87b251da4a046c87795a0d35f4f927ad8e6"
"checksum regex-syntax 0.6.18 (registry+https://github.com/rust-lang/crates.io-index)" = "26412eb97c6b088a6997e05f69403a802a92d520de2f8e63c2b65f9e0f47c4e8"
"checksum rspirv 0.6.0 (registry+https://github.com/rust-lang/crates.io-index)" = "84ea8e0da5a60f55281d6d756c2fb3cf6954a96547137ebf973d0511fe8e0259"
"checksum rustc_version 0.2.3 (registry+https://github.com/rust-lang/crates.io-index)" = "138e3e0acb6c9fb258b19b67cb8abd63c00679d2851805ea151465464fe9030a"
"checksum ryu 1.0.5 (registry+https://github.com/rust-lang/crates.io-index)" = "71d301d4193d031abdd79ff7e3dd721168a9572ef3fe51a1517aba235bd8f86e"
"checksum scopeguard 1.1.0 (registry+https://github.com/rust-lang/crates.io-index)" = "d29ab0c6d3fc0ee92fe66e2d99f700eab17a8d57d1c1d3b748380fb20baa78cd"
"checksum semver 0.9.0 (registry+https://github.com/rust-lang/crates.io-index)" = "1d7eb9ef2c18661902cc47e535f9bc51b78acd254da71d375c2f6720d9a40403"
"checksum semver-parser 0.7.0 (registry+https://github.com/rust-lang/crates.io-index)" = "388a1df253eca08550bef6c72392cfe7c30914bf41df5269b68cbd6ff8f570a3"
"checksum serde 1.0.114 (registry+https://github.com/rust-lang/crates.io-index)" = "5317f7588f0a5078ee60ef675ef96735a1442132dc645eb1d12c018620ed8cd3"
"checksum serde_derive 1.0.114 (registry+https://github.com/rust-lang/crates.io-index)" = "2a0be94b04690fbaed37cddffc5c134bf537c8e3329d53e982fe04c374978f8e"
"checksum serde_json 1.0.56 (registry+https://github.com/rust-lang/crates.io-index)" = "3433e879a558dde8b5e8feb2a04899cf34fdde1fafb894687e52105fc1162ac3"
"checksum smallvec 0.6.13 (registry+https://github.com/rust-lang/crates.io-index)" = "f7b0758c52e15a8b5e3691eae6cc559f08eee9406e548a4477ba4e67770a82b6"
"checksum smallvec 1.4.1 (registry+https://github.com/rust-lang/crates.io-index)" = "3757cb9d89161a2f24e1cf78efa0c1fcff485d18e3f55e0aa3480824ddaa0f3f"
"checksum spirv_headers 1.4.2 (registry+https://github.com/rust-lang/crates.io-index)" = "3f1418983d16481227ffa3ab3cf44ef92eebc9a76c092fbcd4c51a64ff032622"
"checksum stable_deref_trait 1.2.0 (registry+https://github.com/rust-lang/crates.io-index)" = "a8f112729512f8e442d81f95a8a7ddf2b7c6b8a1a6f509a95864142b30cab2d3"
"checksum strsim 0.8.0 (registry+https://github.com/rust-lang/crates.io-index)" = "8ea5119cdb4c55b55d432abb513a0429384878c15dde60cc77b1c99de1a95a6a"
"checksum syn 0.15.44 (registry+https://github.com/rust-lang/crates.io-index)" = "9ca4b3b69a77cbe1ffc9e198781b7acb0c7365a883670e8f1c1bc66fba79a5c5"
"checksum syn 1.0.35 (registry+https://github.com/rust-lang/crates.io-index)" = "fb7f4c519df8c117855e19dd8cc851e89eb746fe7a73f0157e0d95fdec5369b0"
"checksum termcolor 1.1.0 (registry+https://github.com/rust-lang/crates.io-index)" = "bb6bfa289a4d7c5766392812c0a1f4c1ba45afa1ad47803c11e1f407d846d75f"
"checksum textwrap 0.11.0 (registry+https://github.com/rust-lang/crates.io-index)" = "d326610f408c7a4eb6f51c37c330e496b08506c9457c9d34287ecc38809fb060"
"checksum thread_local 1.0.1 (registry+https://github.com/rust-lang/crates.io-index)" = "d40c6d1b69745a6ec6fb1ca717914848da4b44ae29d9b3080cbee91d72a69b14"
"checksum unicode-width 0.1.8 (registry+https://github.com/rust-lang/crates.io-index)" = "9337591893a19b88d8d87f2cec1e73fad5cdfd10e5a6f349f498ad6ea2ffb1e3"
"checksum unicode-xid 0.1.0 (registry+https://github.com/rust-lang/crates.io-index)" = "fc72304796d0818e357ead4e000d19c9c174ab23dc11093ac919054d20a6a7fc"
"checksum unicode-xid 0.2.1 (registry+https://github.com/rust-lang/crates.io-index)" = "f7fe0bb3479651439c9112f72b6c505038574c9fbb575ed1bf3b797fa39dd564"
"checksum vec_map 0.8.2 (registry+https://github.com/rust-lang/crates.io-index)" = "f1bddf1187be692e79c5ffeab891132dfb0f236ed36a43c7ed39f1165ee20191"
"checksum vulkan-headers 0.1.0 (git+https://gitlab.com/matthew-mcallister/vk-ffi)" = "<none>"
"checksum vulkan-loader 0.1.0 (git+https://gitlab.com/matthew-mcallister/vk-ffi)" = "<none>"
"checksum winapi 0.3.9 (registry+https://github.com/rust-lang/crates.io-index)" = "5c839a674fcd7a98952e593242ea400abe93992746761e38641405d28b00f419"
"checksum winapi-i686-pc-windows-gnu 0.4.0 (registry+https://github.com/rust-lang/crates.io-index)" = "ac3b87c63620426dd9b991e5ce0329eff545bccbbb34f3be09ff6fb6ab51b7b6"
"checksum winapi-util 0.1.5 (registry+https://github.com/rust-lang/crates.io-index)" = "70ec6ce85bb158151cae5e5c87f95a8e97d2c0c4b001223f33a334e3ce5de178"
"checksum winapi-x86_64-pc-windows-gnu 0.4.0 (registry+https://github.com/rust-lang/crates.io-index)" = "712e227841d057c1ee1cd2fb22fa7e5a5461ae8e48fa2ca79ec42cfc1931183f"
