# This file is automatically @generated by Cargo.
# It is not intended for manual editing.
[[package]]
name = "cooper-alloc"
version = "0.1.0"

[[package]]
name = "cooper-graphics-vulkan"
version = "0.1.0"
dependencies = [
 "cooper-window 0.1.0",
 "lodepng 2.4.2 (registry+https://github.com/rust-lang/crates.io-index)",
 "vk-ffi 0.1.0 (git+https://gitlab.com/matthew-mcallister/vk-ffi)",
 "vk-ffi-loader 0.1.0 (git+https://gitlab.com/matthew-mcallister/vk-ffi)",
]

[[package]]
name = "cooper-main"
version = "0.1.0"
dependencies = [
 "cooper-graphics-vulkan 0.1.0",
 "cooper-window 0.1.0",
 "derivative 1.0.2 (registry+https://github.com/rust-lang/crates.io-index)",
 "derive_more 0.14.1 (registry+https://github.com/rust-lang/crates.io-index)",
 "memoffset 0.5.1 (registry+https://github.com/rust-lang/crates.io-index)",
]

[[package]]
name = "cooper-window"
version = "0.1.0"
dependencies = [
 "derive_more 0.14.1 (registry+https://github.com/rust-lang/crates.io-index)",
 "glfw-ffi 0.1.0 (git+https://gitlab.com/matthew-mcallister/glfw-ffi.git)",
 "vk-ffi 0.1.0 (git+https://gitlab.com/matthew-mcallister/vk-ffi)",
]

[[package]]
name = "derivative"
version = "1.0.2"
source = "registry+https://github.com/rust-lang/crates.io-index"
dependencies = [
 "proc-macro2 0.4.30 (registry+https://github.com/rust-lang/crates.io-index)",
 "quote 0.6.13 (registry+https://github.com/rust-lang/crates.io-index)",
 "syn 0.15.42 (registry+https://github.com/rust-lang/crates.io-index)",
]

[[package]]
name = "derive_more"
version = "0.14.1"
source = "registry+https://github.com/rust-lang/crates.io-index"
dependencies = [
 "proc-macro2 0.4.30 (registry+https://github.com/rust-lang/crates.io-index)",
 "quote 0.6.13 (registry+https://github.com/rust-lang/crates.io-index)",
 "rustc_version 0.2.3 (registry+https://github.com/rust-lang/crates.io-index)",
 "syn 0.15.42 (registry+https://github.com/rust-lang/crates.io-index)",
]

[[package]]
name = "glfw-ffi"
version = "0.1.0"
source = "git+https://gitlab.com/matthew-mcallister/glfw-ffi.git#fa6e3ca01ac6fef9a0854f15f239c1f48d0f4409"

[[package]]
name = "libc"
version = "0.2.60"
source = "registry+https://github.com/rust-lang/crates.io-index"

[[package]]
name = "lodepng"
version = "2.4.2"
source = "registry+https://github.com/rust-lang/crates.io-index"
dependencies = [
 "libc 0.2.60 (registry+https://github.com/rust-lang/crates.io-index)",
 "rgb 0.8.13 (registry+https://github.com/rust-lang/crates.io-index)",
]

[[package]]
name = "memoffset"
version = "0.5.1"
source = "registry+https://github.com/rust-lang/crates.io-index"
dependencies = [
 "rustc_version 0.2.3 (registry+https://github.com/rust-lang/crates.io-index)",
]

[[package]]
name = "proc-macro2"
version = "0.4.30"
source = "registry+https://github.com/rust-lang/crates.io-index"
dependencies = [
 "unicode-xid 0.1.0 (registry+https://github.com/rust-lang/crates.io-index)",
]

[[package]]
name = "quote"
version = "0.6.13"
source = "registry+https://github.com/rust-lang/crates.io-index"
dependencies = [
 "proc-macro2 0.4.30 (registry+https://github.com/rust-lang/crates.io-index)",
]

[[package]]
name = "rgb"
version = "0.8.13"
source = "registry+https://github.com/rust-lang/crates.io-index"

[[package]]
name = "rustc_version"
version = "0.2.3"
source = "registry+https://github.com/rust-lang/crates.io-index"
dependencies = [
 "semver 0.9.0 (registry+https://github.com/rust-lang/crates.io-index)",
]

[[package]]
name = "semver"
version = "0.9.0"
source = "registry+https://github.com/rust-lang/crates.io-index"
dependencies = [
 "semver-parser 0.7.0 (registry+https://github.com/rust-lang/crates.io-index)",
]

[[package]]
name = "semver-parser"
version = "0.7.0"
source = "registry+https://github.com/rust-lang/crates.io-index"

[[package]]
name = "syn"
version = "0.15.42"
source = "registry+https://github.com/rust-lang/crates.io-index"
dependencies = [
 "proc-macro2 0.4.30 (registry+https://github.com/rust-lang/crates.io-index)",
 "quote 0.6.13 (registry+https://github.com/rust-lang/crates.io-index)",
 "unicode-xid 0.1.0 (registry+https://github.com/rust-lang/crates.io-index)",
]

[[package]]
name = "unicode-xid"
version = "0.1.0"
source = "registry+https://github.com/rust-lang/crates.io-index"

[[package]]
name = "vk-ffi"
version = "0.1.0"
source = "git+https://gitlab.com/matthew-mcallister/vk-ffi#03405d763b488b27f533b851f207d01296edafc5"

[[package]]
name = "vk-ffi-loader"
version = "0.1.0"
source = "git+https://gitlab.com/matthew-mcallister/vk-ffi#03405d763b488b27f533b851f207d01296edafc5"
dependencies = [
 "vk-ffi 0.1.0 (git+https://gitlab.com/matthew-mcallister/vk-ffi)",
]

[metadata]
"checksum derivative 1.0.2 (registry+https://github.com/rust-lang/crates.io-index)" = "6073e9676dbebdddeabaeb63e3b7cefd23c86f5c41d381ee1237cc77b1079898"
"checksum derive_more 0.14.1 (registry+https://github.com/rust-lang/crates.io-index)" = "6d944ac6003ed268757ef1ee686753b57efc5fcf0ebe7b64c9fc81e7e32ff839"
"checksum glfw-ffi 0.1.0 (git+https://gitlab.com/matthew-mcallister/glfw-ffi.git)" = "<none>"
"checksum libc 0.2.60 (registry+https://github.com/rust-lang/crates.io-index)" = "d44e80633f007889c7eff624b709ab43c92d708caad982295768a7b13ca3b5eb"
"checksum lodepng 2.4.2 (registry+https://github.com/rust-lang/crates.io-index)" = "bc9e5c0ae5f457a0981e4be44f5629d9b43a517fde9847b962daacbf29f36bcb"
"checksum memoffset 0.5.1 (registry+https://github.com/rust-lang/crates.io-index)" = "ce6075db033bbbb7ee5a0bbd3a3186bbae616f57fb001c485c7ff77955f8177f"
"checksum proc-macro2 0.4.30 (registry+https://github.com/rust-lang/crates.io-index)" = "cf3d2011ab5c909338f7887f4fc896d35932e29146c12c8d01da6b22a80ba759"
"checksum quote 0.6.13 (registry+https://github.com/rust-lang/crates.io-index)" = "6ce23b6b870e8f94f81fb0a363d65d86675884b34a09043c81e5562f11c1f8e1"
"checksum rgb 0.8.13 (registry+https://github.com/rust-lang/crates.io-index)" = "4f089652ca87f5a82a62935ec6172a534066c7b97be003cc8f702ee9a7a59c92"
"checksum rustc_version 0.2.3 (registry+https://github.com/rust-lang/crates.io-index)" = "138e3e0acb6c9fb258b19b67cb8abd63c00679d2851805ea151465464fe9030a"
"checksum semver 0.9.0 (registry+https://github.com/rust-lang/crates.io-index)" = "1d7eb9ef2c18661902cc47e535f9bc51b78acd254da71d375c2f6720d9a40403"
"checksum semver-parser 0.7.0 (registry+https://github.com/rust-lang/crates.io-index)" = "388a1df253eca08550bef6c72392cfe7c30914bf41df5269b68cbd6ff8f570a3"
"checksum syn 0.15.42 (registry+https://github.com/rust-lang/crates.io-index)" = "eadc09306ca51a40555dd6fc2b415538e9e18bc9f870e47b1a524a79fe2dcf5e"
"checksum unicode-xid 0.1.0 (registry+https://github.com/rust-lang/crates.io-index)" = "fc72304796d0818e357ead4e000d19c9c174ab23dc11093ac919054d20a6a7fc"
"checksum vk-ffi 0.1.0 (git+https://gitlab.com/matthew-mcallister/vk-ffi)" = "<none>"
"checksum vk-ffi-loader 0.1.0 (git+https://gitlab.com/matthew-mcallister/vk-ffi)" = "<none>"
